
Microsoft Visual Studio Solution File, Format Version 12.00
# Visual Studio 14
VisualStudioVersion = 14.0.25420.1
MinimumVisualStudioVersion = 10.0.40219.1
Project("{FAE04EC0-301F-11D3-BF4B-00C04F79EFBC}") = "Cheveux", "Cheveux\Cheveux.csproj", "{0873B6FE-3EC1-462B-B970-91A4BCE111E5}"
EndProject
Project("{FAE04EC0-301F-11D3-BF4B-00C04F79EFBC}") = "DAL", "DAL\DAL.csproj", "{BA31FEA6-9C5A-4F31-9CE2-ECABB7EFE4DD}"
EndProject
Project("{FAE04EC0-301F-11D3-BF4B-00C04F79EFBC}") = "BLL", "BLL\BLL.csproj", "{838BBD1D-7C4E-4194-90EB-3101A9217D32}"
EndProject
Global
	GlobalSection(SolutionConfigurationPlatforms) = preSolution
		Debug|Any CPU = Debug|Any CPU
		Release|Any CPU = Release|Any CPU
	EndGlobalSection
	GlobalSection(ProjectConfigurationPlatforms) = postSolution
		{0873B6FE-3EC1-462B-B970-91A4BCE111E5}.Debug|Any CPU.ActiveCfg = Debug|Any CPU
		{0873B6FE-3EC1-462B-B970-91A4BCE111E5}.Debug|Any CPU.Build.0 = Debug|Any CPU
		{0873B6FE-3EC1-462B-B970-91A4BCE111E5}.Release|Any CPU.ActiveCfg = Release|Any CPU
		{0873B6FE-3EC1-462B-B970-91A4BCE111E5}.Release|Any CPU.Build.0 = Release|Any CPU
		{BA31FEA6-9C5A-4F31-9CE2-ECABB7EFE4DD}.Debug|Any CPU.ActiveCfg = Debug|Any CPU
		{BA31FEA6-9C5A-4F31-9CE2-ECABB7EFE4DD}.Debug|Any CPU.Build.0 = Debug|Any CPU
		{BA31FEA6-9C5A-4F31-9CE2-ECABB7EFE4DD}.Release|Any CPU.ActiveCfg = Release|Any CPU
		{BA31FEA6-9C5A-4F31-9CE2-ECABB7EFE4DD}.Release|Any CPU.Build.0 = Release|Any CPU
		{838BBD1D-7C4E-4194-90EB-3101A9217D32}.Debug|Any CPU.ActiveCfg = Debug|Any CPU
		{838BBD1D-7C4E-4194-90EB-3101A9217D32}.Debug|Any CPU.Build.0 = Debug|Any CPU
		{838BBD1D-7C4E-4194-90EB-3101A9217D32}.Release|Any CPU.ActiveCfg = Release|Any CPU
		{838BBD1D-7C4E-4194-90EB-3101A9217D32}.Release|Any CPU.Build.0 = Release|Any CPU
	EndGlobalSection
	GlobalSection(SolutionProperties) = preSolution
		HideSolutionNode = FALSE
	EndGlobalSection
EndGlobal
