
Microsoft Visual Studio Solution File, Format Version 12.00
# Visual Studio 14
VisualStudioVersion = 14.0.25420.1
MinimumVisualStudioVersion = 10.0.40219.1
Project("{FAE04EC0-301F-11D3-BF4B-00C04F79EFBC}") = "Cheveux", "Cheveux\Cheveux.csproj", "{58B31223-04CF-4F0A-ADE8-FA64B4E233B9}"
EndProject
Project("{2150E333-8FDC-42A3-9474-1A3956D46DE8}") = "DAL", "DAL", "{3BBCBEF3-07C9-46C4-BDBA-77B4D48D7D3C}"
	ProjectSection(SolutionItems) = preProject
		DBHelper.cs = DBHelper.cs
	EndProjectSection
EndProject
Project("{2150E333-8FDC-42A3-9474-1A3956D46DE8}") = "BAL", "BAL", "{97EFCFE2-AC24-4452-B160-7E5D24F8E791}"
EndProject
Global
	GlobalSection(SolutionConfigurationPlatforms) = preSolution
		Debug|Any CPU = Debug|Any CPU
		Release|Any CPU = Release|Any CPU
	EndGlobalSection
	GlobalSection(ProjectConfigurationPlatforms) = postSolution
		{58B31223-04CF-4F0A-ADE8-FA64B4E233B9}.Debug|Any CPU.ActiveCfg = Debug|Any CPU
		{58B31223-04CF-4F0A-ADE8-FA64B4E233B9}.Debug|Any CPU.Build.0 = Debug|Any CPU
		{58B31223-04CF-4F0A-ADE8-FA64B4E233B9}.Release|Any CPU.ActiveCfg = Release|Any CPU
		{58B31223-04CF-4F0A-ADE8-FA64B4E233B9}.Release|Any CPU.Build.0 = Release|Any CPU
	EndGlobalSection
	GlobalSection(SolutionProperties) = preSolution
		HideSolutionNode = FALSE
	EndGlobalSection
EndGlobal
